
Microsoft Visual Studio Solution File, Format Version 12.00
# Visual Studio Version 16
VisualStudioVersion = 16.0.31205.134
MinimumVisualStudioVersion = 10.0.40219.1
Project("{9A19103F-16F7-4668-BE54-9A1E7A4F7556}") = "Calculator", "Calculator.csproj", "{4CD0A290-D326-419E-98F9-07B0A3751E6C}"
EndProject
Project("{FAE04EC0-301F-11D3-BF4B-00C04F79EFBC}") = "CalculatorTest", "..\CalculatorTest\CalculatorTest.csproj", "{D005A814-21E9-4040-92A4-03DD8AB43D54}"
EndProject
Global
	GlobalSection(SolutionConfigurationPlatforms) = preSolution
		Debug|Any CPU = Debug|Any CPU
		Release|Any CPU = Release|Any CPU
	EndGlobalSection
	GlobalSection(ProjectConfigurationPlatforms) = postSolution
		{4CD0A290-D326-419E-98F9-07B0A3751E6C}.Debug|Any CPU.ActiveCfg = Debug|Any CPU
		{4CD0A290-D326-419E-98F9-07B0A3751E6C}.Debug|Any CPU.Build.0 = Debug|Any CPU
		{4CD0A290-D326-419E-98F9-07B0A3751E6C}.Release|Any CPU.ActiveCfg = Release|Any CPU
		{4CD0A290-D326-419E-98F9-07B0A3751E6C}.Release|Any CPU.Build.0 = Release|Any CPU
		{D005A814-21E9-4040-92A4-03DD8AB43D54}.Debug|Any CPU.ActiveCfg = Debug|Any CPU
		{D005A814-21E9-4040-92A4-03DD8AB43D54}.Debug|Any CPU.Build.0 = Debug|Any CPU
		{D005A814-21E9-4040-92A4-03DD8AB43D54}.Release|Any CPU.ActiveCfg = Release|Any CPU
		{D005A814-21E9-4040-92A4-03DD8AB43D54}.Release|Any CPU.Build.0 = Release|Any CPU
	EndGlobalSection
	GlobalSection(SolutionProperties) = preSolution
		HideSolutionNode = FALSE
	EndGlobalSection
	GlobalSection(ExtensibilityGlobals) = postSolution
		SolutionGuid = {0BBEC9AA-59A2-47FB-A348-8180DF5FC647}
	EndGlobalSection
EndGlobal
